
Microsoft Visual Studio Solution File, Format Version 12.00
# Visual Studio 2012
Project("{FAE04EC0-301F-11D3-BF4B-00C04F79EFBC}") = "Zongsoft.Externals.Redis", "Zongsoft.Externals.Redis.csproj", "{1E0B49AB-7D37-4081-A20A-2797FB680BBC}"
EndProject
Global
	GlobalSection(SolutionConfigurationPlatforms) = preSolution
		Debug|Any CPU = Debug|Any CPU
		Release|Any CPU = Release|Any CPU
	EndGlobalSection
	GlobalSection(ProjectConfigurationPlatforms) = postSolution
		{1E0B49AB-7D37-4081-A20A-2797FB680BBC}.Debug|Any CPU.ActiveCfg = Debug|Any CPU
		{1E0B49AB-7D37-4081-A20A-2797FB680BBC}.Debug|Any CPU.Build.0 = Debug|Any CPU
		{1E0B49AB-7D37-4081-A20A-2797FB680BBC}.Release|Any CPU.ActiveCfg = Release|Any CPU
		{1E0B49AB-7D37-4081-A20A-2797FB680BBC}.Release|Any CPU.Build.0 = Release|Any CPU
	EndGlobalSection
	GlobalSection(SolutionProperties) = preSolution
		HideSolutionNode = FALSE
	EndGlobalSection
EndGlobal
